
Microsoft Visual Studio Solution File, Format Version 12.00
# Visual Studio 15
VisualStudioVersion = 15.0.26730.16
MinimumVisualStudioVersion = 10.0.40219.1
Project("{FAE04EC0-301F-11D3-BF4B-00C04F79EFBC}") = "Server", "Server\Server.csproj", "{9EC67754-99AA-406F-B7D8-8DE61C1B4841}"
EndProject
Global
	GlobalSection(SolutionConfigurationPlatforms) = preSolution
		Debug|Any CPU = Debug|Any CPU
		Release|Any CPU = Release|Any CPU
	EndGlobalSection
	GlobalSection(ProjectConfigurationPlatforms) = postSolution
		{9EC67754-99AA-406F-B7D8-8DE61C1B4841}.Debug|Any CPU.ActiveCfg = Debug|Any CPU
		{9EC67754-99AA-406F-B7D8-8DE61C1B4841}.Debug|Any CPU.Build.0 = Debug|Any CPU
		{9EC67754-99AA-406F-B7D8-8DE61C1B4841}.Release|Any CPU.ActiveCfg = Release|Any CPU
		{9EC67754-99AA-406F-B7D8-8DE61C1B4841}.Release|Any CPU.Build.0 = Release|Any CPU
	EndGlobalSection
	GlobalSection(SolutionProperties) = preSolution
		HideSolutionNode = FALSE
	EndGlobalSection
	GlobalSection(ExtensibilityGlobals) = postSolution
		SolutionGuid = {17391657-982B-46C9-98B8-8BB66D9A3C55}
	EndGlobalSection
EndGlobal
